// !$*UTF8*$!
{
	archiveVersion = 1;
	classes = {
	};
	objectVersion = 46;
	objects = {

/* Begin PBXBuildFile section */
		322B6F1F1C4665E1001774AD /* main.m in Sources */ = {isa = PBXBuildFile; fileRef = 322B6F1E1C4665E1001774AD /* main.m */; };
		322B6F221C4665E1001774AD /* AppDelegate.m in Sources */ = {isa = PBXBuildFile; fileRef = 322B6F211C4665E1001774AD /* AppDelegate.m */; };
		322B6F251C4665E1001774AD /* AppListViewController.m in Sources */ = {isa = PBXBuildFile; fileRef = 322B6F241C4665E1001774AD /* AppListViewController.m */; };
		322B6F281C4665E1001774AD /* FilteredListViewController.m in Sources */ = {isa = PBXBuildFile; fileRef = 322B6F271C4665E1001774AD /* FilteredListViewController.m */; };
		322B6F2D1C4665E1001774AD /* Assets.xcassets in Resources */ = {isa = PBXBuildFile; fileRef = 322B6F2C1C4665E1001774AD /* Assets.xcassets */; };
		322B6F3B1C4665E1001774AD /* VoltageImageCollectionTests.m in Sources */ = {isa = PBXBuildFile; fileRef = 322B6F3A1C4665E1001774AD /* VoltageImageCollectionTests.m */; };
		322B6F461C4665E1001774AD /* VoltageImageCollectionUITests.m in Sources */ = {isa = PBXBuildFile; fileRef = 322B6F451C4665E1001774AD /* VoltageImageCollectionUITests.m */; };
		322B6F5D1C467871001774AD /* ImageData.m in Sources */ = {isa = PBXBuildFile; fileRef = 322B6F5C1C467871001774AD /* ImageData.m */; };
		322B6F601C467DD2001774AD /* AppData.m in Sources */ = {isa = PBXBuildFile; fileRef = 322B6F5F1C467DD2001774AD /* AppData.m */; };
		322B6F631C467EAD001774AD /* TransferCode.m in Sources */ = {isa = PBXBuildFile; fileRef = 322B6F621C467EAD001774AD /* TransferCode.m */; };
		322B6F691C4694E4001774AD /* Tag.m in Sources */ = {isa = PBXBuildFile; fileRef = 322B6F681C4694E4001774AD /* Tag.m */; };
		323E5CE01C9AA5E4001C47E0 /* Default-568h@2x.png in Resources */ = {isa = PBXBuildFile; fileRef = 323E5CDF1C9AA5E4001C47E0 /* Default-568h@2x.png */; };
		323E5CE31C9AAE5C001C47E0 /* StoryCharacter.m in Sources */ = {isa = PBXBuildFile; fileRef = 323E5CE21C9AAE5C001C47E0 /* StoryCharacter.m */; };
		323E5CEB1C9ACF67001C47E0 /* DataHandler.m in Sources */ = {isa = PBXBuildFile; fileRef = 323E5CEA1C9ACF67001C47E0 /* DataHandler.m */; };
/* End PBXBuildFile section */

/* Begin PBXContainerItemProxy section */
		322B6F371C4665E1001774AD /* PBXContainerItemProxy */ = {
			isa = PBXContainerItemProxy;
			containerPortal = 322B6F121C4665E0001774AD /* Project object */;
			proxyType = 1;
			remoteGlobalIDString = 322B6F191C4665E0001774AD;
			remoteInfo = VoltageImageCollection;
		};
		322B6F421C4665E1001774AD /* PBXContainerItemProxy */ = {
			isa = PBXContainerItemProxy;
			containerPortal = 322B6F121C4665E0001774AD /* Project object */;
			proxyType = 1;
			remoteGlobalIDString = 322B6F191C4665E0001774AD;
			remoteInfo = VoltageImageCollection;
		};
/* End PBXContainerItemProxy section */

/* Begin PBXFileReference section */
		322B6F1A1C4665E1001774AD /* VoltageImageCollection.app */ = {isa = PBXFileReference; explicitFileType = wrapper.application; includeInIndex = 0; path = VoltageImageCollection.app; sourceTree = BUILT_PRODUCTS_DIR; };
		322B6F1E1C4665E1001774AD /* main.m */ = {isa = PBXFileReference; lastKnownFileType = sourcecode.c.objc; path = main.m; sourceTree = "<group>"; };
		322B6F201C4665E1001774AD /* AppDelegate.h */ = {isa = PBXFileReference; lastKnownFileType = sourcecode.c.h; path = AppDelegate.h; sourceTree = "<group>"; };
		322B6F211C4665E1001774AD /* AppDelegate.m */ = {isa = PBXFileReference; lastKnownFileType = sourcecode.c.objc; path = AppDelegate.m; sourceTree = "<group>"; };
		322B6F231C4665E1001774AD /* AppListViewController.h */ = {isa = PBXFileReference; lastKnownFileType = sourcecode.c.h; path = AppListViewController.h; sourceTree = "<group>"; };
		322B6F241C4665E1001774AD /* AppListViewController.m */ = {isa = PBXFileReference; lastKnownFileType = sourcecode.c.objc; path = AppListViewController.m; sourceTree = "<group>"; };
		322B6F261C4665E1001774AD /* FilteredListViewController.h */ = {isa = PBXFileReference; lastKnownFileType = sourcecode.c.h; path = FilteredListViewController.h; sourceTree = "<group>"; };
		322B6F271C4665E1001774AD /* FilteredListViewController.m */ = {isa = PBXFileReference; lastKnownFileType = sourcecode.c.objc; path = FilteredListViewController.m; sourceTree = "<group>"; };
		322B6F2C1C4665E1001774AD /* Assets.xcassets */ = {isa = PBXFileReference; lastKnownFileType = folder.assetcatalog; path = Assets.xcassets; sourceTree = "<group>"; };
		322B6F311C4665E1001774AD /* Info.plist */ = {isa = PBXFileReference; lastKnownFileType = text.plist.xml; path = Info.plist; sourceTree = "<group>"; };
		322B6F361C4665E1001774AD /* VoltageImageCollectionTests.xctest */ = {isa = PBXFileReference; explicitFileType = wrapper.cfbundle; includeInIndex = 0; path = VoltageImageCollectionTests.xctest; sourceTree = BUILT_PRODUCTS_DIR; };
		322B6F3A1C4665E1001774AD /* VoltageImageCollectionTests.m */ = {isa = PBXFileReference; lastKnownFileType = sourcecode.c.objc; path = VoltageImageCollectionTests.m; sourceTree = "<group>"; };
		322B6F3C1C4665E1001774AD /* Info.plist */ = {isa = PBXFileReference; lastKnownFileType = text.plist.xml; path = Info.plist; sourceTree = "<group>"; };
		322B6F411C4665E1001774AD /* VoltageImageCollectionUITests.xctest */ = {isa = PBXFileReference; explicitFileType = wrapper.cfbundle; includeInIndex = 0; path = VoltageImageCollectionUITests.xctest; sourceTree = BUILT_PRODUCTS_DIR; };
		322B6F451C4665E1001774AD /* VoltageImageCollectionUITests.m */ = {isa = PBXFileReference; lastKnownFileType = sourcecode.c.objc; path = VoltageImageCollectionUITests.m; sourceTree = "<group>"; };
		322B6F471C4665E1001774AD /* Info.plist */ = {isa = PBXFileReference; lastKnownFileType = text.plist.xml; path = Info.plist; sourceTree = "<group>"; };
		322B6F541C466C42001774AD /* buildScripts */ = {isa = PBXFileReference; lastKnownFileType = folder; name = buildScripts; path = ../buildScripts; sourceTree = "<group>"; };
		322B6F571C467549001774AD /* notes */ = {isa = PBXFileReference; lastKnownFileType = folder; path = notes; sourceTree = "<group>"; };
		322B6F5B1C467871001774AD /* ImageData.h */ = {isa = PBXFileReference; fileEncoding = 4; lastKnownFileType = sourcecode.c.h; path = ImageData.h; sourceTree = "<group>"; };
		322B6F5C1C467871001774AD /* ImageData.m */ = {isa = PBXFileReference; fileEncoding = 4; lastKnownFileType = sourcecode.c.objc; path = ImageData.m; sourceTree = "<group>"; };
		322B6F5E1C467DD2001774AD /* AppData.h */ = {isa = PBXFileReference; fileEncoding = 4; lastKnownFileType = sourcecode.c.h; path = AppData.h; sourceTree = "<group>"; };
		322B6F5F1C467DD2001774AD /* AppData.m */ = {isa = PBXFileReference; fileEncoding = 4; lastKnownFileType = sourcecode.c.objc; path = AppData.m; sourceTree = "<group>"; };
		322B6F611C467EAD001774AD /* TransferCode.h */ = {isa = PBXFileReference; fileEncoding = 4; lastKnownFileType = sourcecode.c.h; path = TransferCode.h; sourceTree = "<group>"; };
		322B6F621C467EAD001774AD /* TransferCode.m */ = {isa = PBXFileReference; fileEncoding = 4; lastKnownFileType = sourcecode.c.objc; path = TransferCode.m; sourceTree = "<group>"; };
		322B6F671C4694E4001774AD /* Tag.h */ = {isa = PBXFileReference; fileEncoding = 4; lastKnownFileType = sourcecode.c.h; path = Tag.h; sourceTree = "<group>"; };
		322B6F681C4694E4001774AD /* Tag.m */ = {isa = PBXFileReference; fileEncoding = 4; lastKnownFileType = sourcecode.c.objc; path = Tag.m; sourceTree = "<group>"; };
		323E5CDF1C9AA5E4001C47E0 /* Default-568h@2x.png */ = {isa = PBXFileReference; lastKnownFileType = image.png; name = "Default-568h@2x.png"; path = "../Default-568h@2x.png"; sourceTree = "<group>"; };
		323E5CE11C9AAE5C001C47E0 /* StoryCharacter.h */ = {isa = PBXFileReference; fileEncoding = 4; lastKnownFileType = sourcecode.c.h; path = StoryCharacter.h; sourceTree = "<group>"; };
		323E5CE21C9AAE5C001C47E0 /* StoryCharacter.m */ = {isa = PBXFileReference; fileEncoding = 4; lastKnownFileType = sourcecode.c.objc; path = StoryCharacter.m; sourceTree = "<group>"; };
		323E5CE61C9ABACE001C47E0 /* DictionaryData.h */ = {isa = PBXFileReference; fileEncoding = 4; lastKnownFileType = sourcecode.c.h; path = DictionaryData.h; sourceTree = "<group>"; };
		323E5CE91C9ACF67001C47E0 /* DataHandler.h */ = {isa = PBXFileReference; fileEncoding = 4; lastKnownFileType = sourcecode.c.h; path = DataHandler.h; sourceTree = "<group>"; };
		323E5CEA1C9ACF67001C47E0 /* DataHandler.m */ = {isa = PBXFileReference; fileEncoding = 4; lastKnownFileType = sourcecode.c.objc; path = DataHandler.m; sourceTree = "<group>"; };
/* End PBXFileReference section */

/* Begin PBXFrameworksBuildPhase section */
		322B6F171C4665E0001774AD /* Frameworks */ = {
			isa = PBXFrameworksBuildPhase;
			buildActionMask = 2147483647;
			files = (
			);
			runOnlyForDeploymentPostprocessing = 0;
		};
		322B6F331C4665E1001774AD /* Frameworks */ = {
			isa = PBXFrameworksBuildPhase;
			buildActionMask = 2147483647;
			files = (
			);
			runOnlyForDeploymentPostprocessing = 0;
		};
		322B6F3E1C4665E1001774AD /* Frameworks */ = {
			isa = PBXFrameworksBuildPhase;
			buildActionMask = 2147483647;
			files = (
			);
			runOnlyForDeploymentPostprocessing = 0;
		};
/* End PBXFrameworksBuildPhase section */

/* Begin PBXGroup section */
		322B6F111C4665E0001774AD = {
			isa = PBXGroup;
			children = (
				322B6F571C467549001774AD /* notes */,
				322B6F1C1C4665E1001774AD /* VoltageImageCollection */,
				322B6F391C4665E1001774AD /* VoltageImageCollectionTests */,
				322B6F441C4665E1001774AD /* VoltageImageCollectionUITests */,
				322B6F1B1C4665E1001774AD /* Products */,
			);
			sourceTree = "<group>";
		};
		322B6F1B1C4665E1001774AD /* Products */ = {
			isa = PBXGroup;
			children = (
				322B6F1A1C4665E1001774AD /* VoltageImageCollection.app */,
				322B6F361C4665E1001774AD /* VoltageImageCollectionTests.xctest */,
				322B6F411C4665E1001774AD /* VoltageImageCollectionUITests.xctest */,
			);
			name = Products;
			sourceTree = "<group>";
		};
		322B6F1C1C4665E1001774AD /* VoltageImageCollection */ = {
			isa = PBXGroup;
			children = (
				322B6F201C4665E1001774AD /* AppDelegate.h */,
				322B6F211C4665E1001774AD /* AppDelegate.m */,
				322B6F2C1C4665E1001774AD /* Assets.xcassets */,
				322B6F5A1C4677FD001774AD /* ViewControllers */,
				322B6F591C4677E6001774AD /* Data */,
				322B6F541C466C42001774AD /* buildScripts */,
				322B6F1D1C4665E1001774AD /* Supporting Files */,
			);
			path = VoltageImageCollection;
			sourceTree = "<group>";
		};
		322B6F1D1C4665E1001774AD /* Supporting Files */ = {
			isa = PBXGroup;
			children = (
				323E5CDF1C9AA5E4001C47E0 /* Default-568h@2x.png */,
				322B6F311C4665E1001774AD /* Info.plist */,
				322B6F1E1C4665E1001774AD /* main.m */,
			);
			name = "Supporting Files";
			sourceTree = "<group>";
		};
		322B6F391C4665E1001774AD /* VoltageImageCollectionTests */ = {
			isa = PBXGroup;
			children = (
				322B6F3A1C4665E1001774AD /* VoltageImageCollectionTests.m */,
				322B6F3C1C4665E1001774AD /* Info.plist */,
			);
			path = VoltageImageCollectionTests;
			sourceTree = "<group>";
		};
		322B6F441C4665E1001774AD /* VoltageImageCollectionUITests */ = {
			isa = PBXGroup;
			children = (
				322B6F451C4665E1001774AD /* VoltageImageCollectionUITests.m */,
				322B6F471C4665E1001774AD /* Info.plist */,
			);
			path = VoltageImageCollectionUITests;
			sourceTree = "<group>";
		};
		322B6F591C4677E6001774AD /* Data */ = {
			isa = PBXGroup;
			children = (
				323E5CE61C9ABACE001C47E0 /* DictionaryData.h */,
				322B6F5B1C467871001774AD /* ImageData.h */,
				322B6F5C1C467871001774AD /* ImageData.m */,
				323E5CE71C9ACD7B001C47E0 /* Tags */,
				322B6F611C467EAD001774AD /* TransferCode.h */,
				322B6F621C467EAD001774AD /* TransferCode.m */,
				323E5CE91C9ACF67001C47E0 /* DataHandler.h */,
				323E5CEA1C9ACF67001C47E0 /* DataHandler.m */,
			);
			name = Data;
			sourceTree = "<group>";
		};
		322B6F5A1C4677FD001774AD /* ViewControllers */ = {
			isa = PBXGroup;
			children = (
				322B6F231C4665E1001774AD /* AppListViewController.h */,
				322B6F241C4665E1001774AD /* AppListViewController.m */,
				322B6F261C4665E1001774AD /* FilteredListViewController.h */,
				322B6F271C4665E1001774AD /* FilteredListViewController.m */,
			);
			name = ViewControllers;
			sourceTree = "<group>";
		};
		323E5CE71C9ACD7B001C47E0 /* Tags */ = {
			isa = PBXGroup;
			children = (
				322B6F5E1C467DD2001774AD /* AppData.h */,
				322B6F5F1C467DD2001774AD /* AppData.m */,
				323E5CE11C9AAE5C001C47E0 /* StoryCharacter.h */,
				323E5CE21C9AAE5C001C47E0 /* StoryCharacter.m */,
				322B6F671C4694E4001774AD /* Tag.h */,
				322B6F681C4694E4001774AD /* Tag.m */,
			);
			name = Tags;
			sourceTree = "<group>";
		};
/* End PBXGroup section */

/* Begin PBXNativeTarget section */
		322B6F191C4665E0001774AD /* VoltageImageCollection */ = {
			isa = PBXNativeTarget;
			buildConfigurationList = 322B6F4A1C4665E1001774AD /* Build configuration list for PBXNativeTarget "VoltageImageCollection" */;
			buildPhases = (
				322B6F161C4665E0001774AD /* Sources */,
				322B6F171C4665E0001774AD /* Frameworks */,
				322B6F181C4665E0001774AD /* Resources */,
				322B6F561C466CB8001774AD /* ShellScript */,
			);
			buildRules = (
			);
			dependencies = (
			);
			name = VoltageImageCollection;
			productName = VoltageImageCollection;
			productReference = 322B6F1A1C4665E1001774AD /* VoltageImageCollection.app */;
			productType = "com.apple.product-type.application";
		};
		322B6F351C4665E1001774AD /* VoltageImageCollectionTests */ = {
			isa = PBXNativeTarget;
			buildConfigurationList = 322B6F4D1C4665E1001774AD /* Build configuration list for PBXNativeTarget "VoltageImageCollectionTests" */;
			buildPhases = (
				322B6F321C4665E1001774AD /* Sources */,
				322B6F331C4665E1001774AD /* Frameworks */,
				322B6F341C4665E1001774AD /* Resources */,
			);
			buildRules = (
			);
			dependencies = (
				322B6F381C4665E1001774AD /* PBXTargetDependency */,
			);
			name = VoltageImageCollectionTests;
			productName = VoltageImageCollectionTests;
			productReference = 322B6F361C4665E1001774AD /* VoltageImageCollectionTests.xctest */;
			productType = "com.apple.product-type.bundle.unit-test";
		};
		322B6F401C4665E1001774AD /* VoltageImageCollectionUITests */ = {
			isa = PBXNativeTarget;
			buildConfigurationList = 322B6F501C4665E1001774AD /* Build configuration list for PBXNativeTarget "VoltageImageCollectionUITests" */;
			buildPhases = (
				322B6F3D1C4665E1001774AD /* Sources */,
				322B6F3E1C4665E1001774AD /* Frameworks */,
				322B6F3F1C4665E1001774AD /* Resources */,
			);
			buildRules = (
			);
			dependencies = (
				322B6F431C4665E1001774AD /* PBXTargetDependency */,
			);
			name = VoltageImageCollectionUITests;
			productName = VoltageImageCollectionUITests;
			productReference = 322B6F411C4665E1001774AD /* VoltageImageCollectionUITests.xctest */;
			productType = "com.apple.product-type.bundle.ui-testing";
		};
/* End PBXNativeTarget section */

/* Begin PBXProject section */
		322B6F121C4665E0001774AD /* Project object */ = {
			isa = PBXProject;
			attributes = {
				LastUpgradeCheck = 0720;
				ORGANIZATIONNAME = "Tamara Brazerol";
				TargetAttributes = {
					322B6F191C4665E0001774AD = {
						CreatedOnToolsVersion = 7.2;
					};
					322B6F351C4665E1001774AD = {
						CreatedOnToolsVersion = 7.2;
						TestTargetID = 322B6F191C4665E0001774AD;
					};
					322B6F401C4665E1001774AD = {
						CreatedOnToolsVersion = 7.2;
						TestTargetID = 322B6F191C4665E0001774AD;
					};
				};
			};
			buildConfigurationList = 322B6F151C4665E0001774AD /* Build configuration list for PBXProject "VoltageImageCollection" */;
			compatibilityVersion = "Xcode 3.2";
			developmentRegion = English;
			hasScannedForEncodings = 0;
			knownRegions = (
				en,
				Base,
			);
			mainGroup = 322B6F111C4665E0001774AD;
			productRefGroup = 322B6F1B1C4665E1001774AD /* Products */;
			projectDirPath = "";
			projectRoot = "";
			targets = (
				322B6F191C4665E0001774AD /* VoltageImageCollection */,
				322B6F351C4665E1001774AD /* VoltageImageCollectionTests */,
				322B6F401C4665E1001774AD /* VoltageImageCollectionUITests */,
			);
		};
/* End PBXProject section */

/* Begin PBXResourcesBuildPhase section */
		322B6F181C4665E0001774AD /* Resources */ = {
			isa = PBXResourcesBuildPhase;
			buildActionMask = 2147483647;
			files = (
				322B6F2D1C4665E1001774AD /* Assets.xcassets in Resources */,
				323E5CE01C9AA5E4001C47E0 /* Default-568h@2x.png in Resources */,
			);
			runOnlyForDeploymentPostprocessing = 0;
		};
		322B6F341C4665E1001774AD /* Resources */ = {
			isa = PBXResourcesBuildPhase;
			buildActionMask = 2147483647;
			files = (
			);
			runOnlyForDeploymentPostprocessing = 0;
		};
		322B6F3F1C4665E1001774AD /* Resources */ = {
			isa = PBXResourcesBuildPhase;
			buildActionMask = 2147483647;
			files = (
			);
			runOnlyForDeploymentPostprocessing = 0;
		};
/* End PBXResourcesBuildPhase section */

/* Begin PBXShellScriptBuildPhase section */
		322B6F561C466CB8001774AD /* ShellScript */ = {
			isa = PBXShellScriptBuildPhase;
			buildActionMask = 2147483647;
			files = (
			);
			inputPaths = (
			);
			outputPaths = (
			);
			runOnlyForDeploymentPostprocessing = 0;
			shellPath = /bin/sh;
			shellScript = "./buildScripts/xcode-git-version.sh";
		};
/* End PBXShellScriptBuildPhase section */

/* Begin PBXSourcesBuildPhase section */
		322B6F161C4665E0001774AD /* Sources */ = {
			isa = PBXSourcesBuildPhase;
			buildActionMask = 2147483647;
			files = (
				323E5CEB1C9ACF67001C47E0 /* DataHandler.m in Sources */,
				322B6F281C4665E1001774AD /* FilteredListViewController.m in Sources */,
				322B6F221C4665E1001774AD /* AppDelegate.m in Sources */,
				322B6F251C4665E1001774AD /* AppListViewController.m in Sources */,
				322B6F601C467DD2001774AD /* AppData.m in Sources */,
				322B6F691C4694E4001774AD /* Tag.m in Sources */,
				322B6F631C467EAD001774AD /* TransferCode.m in Sources */,
				322B6F5D1C467871001774AD /* ImageData.m in Sources */,
				323E5CE31C9AAE5C001C47E0 /* StoryCharacter.m in Sources */,
				322B6F1F1C4665E1001774AD /* main.m in Sources */,
			);
			runOnlyForDeploymentPostprocessing = 0;
		};
		322B6F321C4665E1001774AD /* Sources */ = {
			isa = PBXSourcesBuildPhase;
			buildActionMask = 2147483647;
			files = (
				322B6F3B1C4665E1001774AD /* VoltageImageCollectionTests.m in Sources */,
			);
			runOnlyForDeploymentPostprocessing = 0;
		};
		322B6F3D1C4665E1001774AD /* Sources */ = {
			isa = PBXSourcesBuildPhase;
			buildActionMask = 2147483647;
			files = (
				322B6F461C4665E1001774AD /* VoltageImageCollectionUITests.m in Sources */,
			);
			runOnlyForDeploymentPostprocessing = 0;
		};
/* End PBXSourcesBuildPhase section */

/* Begin PBXTargetDependency section */
		322B6F381C4665E1001774AD /* PBXTargetDependency */ = {
			isa = PBXTargetDependency;
			target = 322B6F191C4665E0001774AD /* VoltageImageCollection */;
			targetProxy = 322B6F371C4665E1001774AD /* PBXContainerItemProxy */;
		};
		322B6F431C4665E1001774AD /* PBXTargetDependency */ = {
			isa = PBXTargetDependency;
			target = 322B6F191C4665E0001774AD /* VoltageImageCollection */;
			targetProxy = 322B6F421C4665E1001774AD /* PBXContainerItemProxy */;
		};
/* End PBXTargetDependency section */

/* Begin XCBuildConfiguration section */
		322B6F481C4665E1001774AD /* Debug */ = {
			isa = XCBuildConfiguration;
			buildSettings = {
				ALWAYS_SEARCH_USER_PATHS = NO;
				CLANG_CXX_LANGUAGE_STANDARD = "gnu++0x";
				CLANG_CXX_LIBRARY = "libc++";
				CLANG_ENABLE_MODULES = YES;
				CLANG_ENABLE_OBJC_ARC = YES;
				CLANG_WARN_BOOL_CONVERSION = YES;
				CLANG_WARN_CONSTANT_CONVERSION = YES;
				CLANG_WARN_DIRECT_OBJC_ISA_USAGE = YES_ERROR;
				CLANG_WARN_EMPTY_BODY = YES;
				CLANG_WARN_ENUM_CONVERSION = YES;
				CLANG_WARN_INT_CONVERSION = YES;
				CLANG_WARN_OBJC_ROOT_CLASS = YES_ERROR;
				CLANG_WARN_UNREACHABLE_CODE = YES;
				CLANG_WARN__DUPLICATE_METHOD_MATCH = YES;
				"CODE_SIGN_IDENTITY[sdk=iphoneos*]" = "iPhone Developer";
				COPY_PHASE_STRIP = NO;
				DEBUG_INFORMATION_FORMAT = dwarf;
				ENABLE_STRICT_OBJC_MSGSEND = YES;
				ENABLE_TESTABILITY = YES;
				GCC_C_LANGUAGE_STANDARD = gnu99;
				GCC_DYNAMIC_NO_PIC = NO;
				GCC_NO_COMMON_BLOCKS = YES;
				GCC_OPTIMIZATION_LEVEL = 0;
				GCC_PREPROCESSOR_DEFINITIONS = (
					"DEBUG=1",
					"$(inherited)",
				);
				GCC_WARN_64_TO_32_BIT_CONVERSION = YES;
				GCC_WARN_ABOUT_RETURN_TYPE = YES_ERROR;
				GCC_WARN_UNDECLARED_SELECTOR = YES;
				GCC_WARN_UNINITIALIZED_AUTOS = YES_AGGRESSIVE;
				GCC_WARN_UNUSED_FUNCTION = YES;
				GCC_WARN_UNUSED_VARIABLE = YES;
				IPHONEOS_DEPLOYMENT_TARGET = 9.2;
				MTL_ENABLE_DEBUG_INFO = YES;
				ONLY_ACTIVE_ARCH = YES;
				SDKROOT = iphoneos;
				TARGETED_DEVICE_FAMILY = "1,2";
			};
			name = Debug;
		};
		322B6F491C4665E1001774AD /* Release */ = {
			isa = XCBuildConfiguration;
			buildSettings = {
				ALWAYS_SEARCH_USER_PATHS = NO;
				CLANG_CXX_LANGUAGE_STANDARD = "gnu++0x";
				CLANG_CXX_LIBRARY = "libc++";
				CLANG_ENABLE_MODULES = YES;
				CLANG_ENABLE_OBJC_ARC = YES;
				CLANG_WARN_BOOL_CONVERSION = YES;
				CLANG_WARN_CONSTANT_CONVERSION = YES;
				CLANG_WARN_DIRECT_OBJC_ISA_USAGE = YES_ERROR;
				CLANG_WARN_EMPTY_BODY = YES;
				CLANG_WARN_ENUM_CONVERSION = YES;
				CLANG_WARN_INT_CONVERSION = YES;
				CLANG_WARN_OBJC_ROOT_CLASS = YES_ERROR;
				CLANG_WARN_UNREACHABLE_CODE = YES;
				CLANG_WARN__DUPLICATE_METHOD_MATCH = YES;
				"CODE_SIGN_IDENTITY[sdk=iphoneos*]" = "iPhone Developer";
				COPY_PHASE_STRIP = NO;
				DEBUG_INFORMATION_FORMAT = "dwarf-with-dsym";
				ENABLE_NS_ASSERTIONS = NO;
				ENABLE_STRICT_OBJC_MSGSEND = YES;
				GCC_C_LANGUAGE_STANDARD = gnu99;
				GCC_NO_COMMON_BLOCKS = YES;
				GCC_WARN_64_TO_32_BIT_CONVERSION = YES;
				GCC_WARN_ABOUT_RETURN_TYPE = YES_ERROR;
				GCC_WARN_UNDECLARED_SELECTOR = YES;
				GCC_WARN_UNINITIALIZED_AUTOS = YES_AGGRESSIVE;
				GCC_WARN_UNUSED_FUNCTION = YES;
				GCC_WARN_UNUSED_VARIABLE = YES;
				IPHONEOS_DEPLOYMENT_TARGET = 9.2;
				MTL_ENABLE_DEBUG_INFO = NO;
				SDKROOT = iphoneos;
				TARGETED_DEVICE_FAMILY = "1,2";
				VALIDATE_PRODUCT = YES;
			};
			name = Release;
		};
		322B6F4B1C4665E1001774AD /* Debug */ = {
			isa = XCBuildConfiguration;
			buildSettings = {
				ASSETCATALOG_COMPILER_APPICON_NAME = AppIcon;
				INFOPLIST_FILE = VoltageImageCollection/Info.plist;
				LD_RUNPATH_SEARCH_PATHS = "$(inherited) @executable_path/Frameworks";
				PRODUCT_BUNDLE_IDENTIFIER = ch.tamyapps.VoltageImageCollection;
				PRODUCT_NAME = "$(TARGET_NAME)";
			};
			name = Debug;
		};
		322B6F4C1C4665E1001774AD /* Release */ = {
			isa = XCBuildConfiguration;
			buildSettings = {
				ASSETCATALOG_COMPILER_APPICON_NAME = AppIcon;
				INFOPLIST_FILE = VoltageImageCollection/Info.plist;
				LD_RUNPATH_SEARCH_PATHS = "$(inherited) @executable_path/Frameworks";
				PRODUCT_BUNDLE_IDENTIFIER = ch.tamyapps.VoltageImageCollection;
				PRODUCT_NAME = "$(TARGET_NAME)";
			};
			name = Release;
		};
		322B6F4E1C4665E1001774AD /* Debug */ = {
			isa = XCBuildConfiguration;
			buildSettings = {
				BUNDLE_LOADER = "$(TEST_HOST)";
				INFOPLIST_FILE = VoltageImageCollectionTests/Info.plist;
				LD_RUNPATH_SEARCH_PATHS = "$(inherited) @executable_path/Frameworks @loader_path/Frameworks";
				PRODUCT_BUNDLE_IDENTIFIER = ch.tamyapps.VoltageImageCollectionTests;
				PRODUCT_NAME = "$(TARGET_NAME)";
				TEST_HOST = "$(BUILT_PRODUCTS_DIR)/VoltageImageCollection.app/VoltageImageCollection";
			};
			name = Debug;
		};
		322B6F4F1C4665E1001774AD /* Release */ = {
			isa = XCBuildConfiguration;
			buildSettings = {
				BUNDLE_LOADER = "$(TEST_HOST)";
				INFOPLIST_FILE = VoltageImageCollectionTests/Info.plist;
				LD_RUNPATH_SEARCH_PATHS = "$(inherited) @executable_path/Frameworks @loader_path/Frameworks";
				PRODUCT_BUNDLE_IDENTIFIER = ch.tamyapps.VoltageImageCollectionTests;
				PRODUCT_NAME = "$(TARGET_NAME)";
				TEST_HOST = "$(BUILT_PRODUCTS_DIR)/VoltageImageCollection.app/VoltageImageCollection";
			};
			name = Release;
		};
		322B6F511C4665E1001774AD /* Debug */ = {
			isa = XCBuildConfiguration;
			buildSettings = {
				INFOPLIST_FILE = VoltageImageCollectionUITests/Info.plist;
				LD_RUNPATH_SEARCH_PATHS = "$(inherited) @executable_path/Frameworks @loader_path/Frameworks";
				PRODUCT_BUNDLE_IDENTIFIER = ch.tamyapps.VoltageImageCollectionUITests;
				PRODUCT_NAME = "$(TARGET_NAME)";
				TEST_TARGET_NAME = VoltageImageCollection;
				USES_XCTRUNNER = YES;
			};
			name = Debug;
		};
		322B6F521C4665E1001774AD /* Release */ = {
			isa = XCBuildConfiguration;
			buildSettings = {
				INFOPLIST_FILE = VoltageImageCollectionUITests/Info.plist;
				LD_RUNPATH_SEARCH_PATHS = "$(inherited) @executable_path/Frameworks @loader_path/Frameworks";
				PRODUCT_BUNDLE_IDENTIFIER = ch.tamyapps.VoltageImageCollectionUITests;
				PRODUCT_NAME = "$(TARGET_NAME)";
				TEST_TARGET_NAME = VoltageImageCollection;
				USES_XCTRUNNER = YES;
			};
			name = Release;
		};
/* End XCBuildConfiguration section */

/* Begin XCConfigurationList section */
		322B6F151C4665E0001774AD /* Build configuration list for PBXProject "VoltageImageCollection" */ = {
			isa = XCConfigurationList;
			buildConfigurations = (
				322B6F481C4665E1001774AD /* Debug */,
				322B6F491C4665E1001774AD /* Release */,
			);
			defaultConfigurationIsVisible = 0;
			defaultConfigurationName = Release;
		};
		322B6F4A1C4665E1001774AD /* Build configuration list for PBXNativeTarget "VoltageImageCollection" */ = {
			isa = XCConfigurationList;
			buildConfigurations = (
				322B6F4B1C4665E1001774AD /* Debug */,
				322B6F4C1C4665E1001774AD /* Release */,
			);
			defaultConfigurationIsVisible = 0;
			defaultConfigurationName = Release;
		};
		322B6F4D1C4665E1001774AD /* Build configuration list for PBXNativeTarget "VoltageImageCollectionTests" */ = {
			isa = XCConfigurationList;
			buildConfigurations = (
				322B6F4E1C4665E1001774AD /* Debug */,
				322B6F4F1C4665E1001774AD /* Release */,
			);
			defaultConfigurationIsVisible = 0;
			defaultConfigurationName = Release;
		};
		322B6F501C4665E1001774AD /* Build configuration list for PBXNativeTarget "VoltageImageCollectionUITests" */ = {
			isa = XCConfigurationList;
			buildConfigurations = (
				322B6F511C4665E1001774AD /* Debug */,
				322B6F521C4665E1001774AD /* Release */,
			);
			defaultConfigurationIsVisible = 0;
			defaultConfigurationName = Release;
		};
/* End XCConfigurationList section */
	};
	rootObject = 322B6F121C4665E0001774AD /* Project object */;
}
